{
  "nodes": {
    "nixpkgs": {
      "locked": {
        "lastModified": 1721072545,
        "narHash": "sha256-Wxlzri+F5MCzv2f7bFA51PQuPTzg/XUDGjHdn7ax1MQ=",
        "owner": "StarGate01",
        "repo": "nixpkgs",
        "rev": "d15d1a77033b16ad730639fe222d74cebd0e24e1",
        "type": "github"
      },
      "original": {
        "owner": "StarGate01",
        "ref": "libnfc-nci",
        "repo": "nixpkgs",
        "type": "github"
      }
    },
    "root": {
      "inputs": {
        "nixpkgs": "nixpkgs"
      }
    }
  },
  "root": "root",
  "version": 7
}
